
Microsoft Visual Studio Solution File, Format Version 12.00
# Visual Studio 15
Project("{FAE04EC0-301F-11D3-BF4B-00C04F79EFBC}") = "Assembly-CSharp-Editor", "Assembly-CSharp-Editor.csproj", "{BD39E5B5-7CA0-86E9-1B93-729202A1C95C}"
EndProject
Project("{FAE04EC0-301F-11D3-BF4B-00C04F79EFBC}") = "Assembly-CSharp", "Assembly-CSharp.csproj", "{DAFD05F5-8339-1AA9-4224-0CB1935EB43E}"
EndProject
Global
	GlobalSection(SolutionConfigurationPlatforms) = preSolution
		Debug|Any CPU = Debug|Any CPU
		Release|Any CPU = Release|Any CPU
	EndGlobalSection
	GlobalSection(ProjectConfigurationPlatforms) = postSolution
		{BD39E5B5-7CA0-86E9-1B93-729202A1C95C}.Debug|Any CPU.ActiveCfg = Debug|Any CPU
		{BD39E5B5-7CA0-86E9-1B93-729202A1C95C}.Debug|Any CPU.Build.0 = Debug|Any CPU
		{BD39E5B5-7CA0-86E9-1B93-729202A1C95C}.Release|Any CPU.ActiveCfg = Release|Any CPU
		{BD39E5B5-7CA0-86E9-1B93-729202A1C95C}.Release|Any CPU.Build.0 = Release|Any CPU
		{DAFD05F5-8339-1AA9-4224-0CB1935EB43E}.Debug|Any CPU.ActiveCfg = Debug|Any CPU
		{DAFD05F5-8339-1AA9-4224-0CB1935EB43E}.Debug|Any CPU.Build.0 = Debug|Any CPU
		{DAFD05F5-8339-1AA9-4224-0CB1935EB43E}.Release|Any CPU.ActiveCfg = Release|Any CPU
		{DAFD05F5-8339-1AA9-4224-0CB1935EB43E}.Release|Any CPU.Build.0 = Release|Any CPU
	EndGlobalSection
	GlobalSection(SolutionProperties) = preSolution
		HideSolutionNode = FALSE
	EndGlobalSection
EndGlobal
